
Microsoft Visual Studio Solution File, Format Version 12.00
# Visual Studio Version 16
VisualStudioVersion = 16.0.30225.117
MinimumVisualStudioVersion = 10.0.40219.1
Project("{F184B08F-C81C-45F6-A57F-5ABD9991F28F}") = "Programacion1", "Programacion1\Programacion1.vbproj", "{567F4842-8883-4729-9AFA-FA4919D0B99B}"
EndProject
Global
	GlobalSection(SolutionConfigurationPlatforms) = preSolution
		Debug|Any CPU = Debug|Any CPU
		Release|Any CPU = Release|Any CPU
	EndGlobalSection
	GlobalSection(ProjectConfigurationPlatforms) = postSolution
		{567F4842-8883-4729-9AFA-FA4919D0B99B}.Debug|Any CPU.ActiveCfg = Debug|Any CPU
		{567F4842-8883-4729-9AFA-FA4919D0B99B}.Debug|Any CPU.Build.0 = Debug|Any CPU
		{567F4842-8883-4729-9AFA-FA4919D0B99B}.Release|Any CPU.ActiveCfg = Release|Any CPU
		{567F4842-8883-4729-9AFA-FA4919D0B99B}.Release|Any CPU.Build.0 = Release|Any CPU
	EndGlobalSection
	GlobalSection(SolutionProperties) = preSolution
		HideSolutionNode = FALSE
	EndGlobalSection
	GlobalSection(ExtensibilityGlobals) = postSolution
		SolutionGuid = {A4C2E057-AD9A-428F-B119-65A90FC8BA9A}
	EndGlobalSection
EndGlobal
